
Microsoft Visual Studio Solution File, Format Version 12.00
# Visual Studio Version 17
VisualStudioVersion = 17.3.32929.385
MinimumVisualStudioVersion = 10.0.40219.1
Project("{9A19103F-16F7-4668-BE54-9A1E7A4F7556}") = "BlogLab.Web", "BlogLab.Web\BlogLab.Web.csproj", "{0CEB12FE-F254-4082-8D8A-4064EB726950}"
EndProject
Project("{9A19103F-16F7-4668-BE54-9A1E7A4F7556}") = "BlogLab.Models", "BlogLab.Models\BlogLab.Models.csproj", "{D6BEB54C-EE2B-455C-8B98-3D945A85D91F}"
EndProject
Project("{9A19103F-16F7-4668-BE54-9A1E7A4F7556}") = "BlogLab.Repository", "BlogLab.Repository\BlogLab.Repository.csproj", "{B800BCB3-BDEE-473A-BDFE-FA6A0320D3DC}"
EndProject
Project("{FAE04EC0-301F-11D3-BF4B-00C04F79EFBC}") = "BlogLab.Identity", "BlogLab.Identity\BlogLab.Identity.csproj", "{49008C2E-653A-487B-BB04-2BE4496FDB1C}"
EndProject
Global
	GlobalSection(SolutionConfigurationPlatforms) = preSolution
		Debug|Any CPU = Debug|Any CPU
		Release|Any CPU = Release|Any CPU
	EndGlobalSection
	GlobalSection(ProjectConfigurationPlatforms) = postSolution
		{0CEB12FE-F254-4082-8D8A-4064EB726950}.Debug|Any CPU.ActiveCfg = Debug|Any CPU
		{0CEB12FE-F254-4082-8D8A-4064EB726950}.Debug|Any CPU.Build.0 = Debug|Any CPU
		{0CEB12FE-F254-4082-8D8A-4064EB726950}.Release|Any CPU.ActiveCfg = Release|Any CPU
		{0CEB12FE-F254-4082-8D8A-4064EB726950}.Release|Any CPU.Build.0 = Release|Any CPU
		{D6BEB54C-EE2B-455C-8B98-3D945A85D91F}.Debug|Any CPU.ActiveCfg = Debug|Any CPU
		{D6BEB54C-EE2B-455C-8B98-3D945A85D91F}.Debug|Any CPU.Build.0 = Debug|Any CPU
		{D6BEB54C-EE2B-455C-8B98-3D945A85D91F}.Release|Any CPU.ActiveCfg = Release|Any CPU
		{D6BEB54C-EE2B-455C-8B98-3D945A85D91F}.Release|Any CPU.Build.0 = Release|Any CPU
		{B800BCB3-BDEE-473A-BDFE-FA6A0320D3DC}.Debug|Any CPU.ActiveCfg = Debug|Any CPU
		{B800BCB3-BDEE-473A-BDFE-FA6A0320D3DC}.Debug|Any CPU.Build.0 = Debug|Any CPU
		{B800BCB3-BDEE-473A-BDFE-FA6A0320D3DC}.Release|Any CPU.ActiveCfg = Release|Any CPU
		{B800BCB3-BDEE-473A-BDFE-FA6A0320D3DC}.Release|Any CPU.Build.0 = Release|Any CPU
		{49008C2E-653A-487B-BB04-2BE4496FDB1C}.Debug|Any CPU.ActiveCfg = Debug|Any CPU
		{49008C2E-653A-487B-BB04-2BE4496FDB1C}.Debug|Any CPU.Build.0 = Debug|Any CPU
		{49008C2E-653A-487B-BB04-2BE4496FDB1C}.Release|Any CPU.ActiveCfg = Release|Any CPU
		{49008C2E-653A-487B-BB04-2BE4496FDB1C}.Release|Any CPU.Build.0 = Release|Any CPU
	EndGlobalSection
	GlobalSection(SolutionProperties) = preSolution
		HideSolutionNode = FALSE
	EndGlobalSection
	GlobalSection(ExtensibilityGlobals) = postSolution
		SolutionGuid = {386BDBD7-2435-40F6-8B42-4AAD07BF0885}
	EndGlobalSection
EndGlobal
